
Microsoft Visual Studio Solution File, Format Version 12.00
# Visual Studio Version 17
VisualStudioVersion = 17.8.34322.80
MinimumVisualStudioVersion = 10.0.40219.1
Project("{FAE04EC0-301F-11D3-BF4B-00C04F79EFBC}") = "Backend", "Backend.csproj", "{1DBD85F7-1AC0-4053-B1A5-2B7ED4E88E03}"
EndProject
Global
	GlobalSection(SolutionConfigurationPlatforms) = preSolution
		Debug|Any CPU = Debug|Any CPU
		Release|Any CPU = Release|Any CPU
	EndGlobalSection
	GlobalSection(ProjectConfigurationPlatforms) = postSolution
		{1DBD85F7-1AC0-4053-B1A5-2B7ED4E88E03}.Debug|Any CPU.ActiveCfg = Debug|Any CPU
		{1DBD85F7-1AC0-4053-B1A5-2B7ED4E88E03}.Debug|Any CPU.Build.0 = Debug|Any CPU
		{1DBD85F7-1AC0-4053-B1A5-2B7ED4E88E03}.Release|Any CPU.ActiveCfg = Release|Any CPU
		{1DBD85F7-1AC0-4053-B1A5-2B7ED4E88E03}.Release|Any CPU.Build.0 = Release|Any CPU
	EndGlobalSection
	GlobalSection(SolutionProperties) = preSolution
		HideSolutionNode = FALSE
	EndGlobalSection
	GlobalSection(ExtensibilityGlobals) = postSolution
		SolutionGuid = {C0F09633-91C5-43F9-8D9E-86F4592966A8}
	EndGlobalSection
EndGlobal
